<Solution>
  <Folder Name="/Product/">
    <Project Path="src/Product/NuGetTransitiveDependencyFinder.ConsoleApp/NuGetTransitiveDependencyFinder.ConsoleApp.csproj" />
    <Project Path="src/Product/NuGetTransitiveDependencyFinder/NuGetTransitiveDependencyFinder.csproj" />
  </Folder>
  <Folder Name="/src/" />
  <Folder Name="/src/IntegrationTests/">
    <Project Path="src/IntegrationTests/NuGetTransitiveDependencyFinder.IntegrationTests/NuGetTransitiveDependencyFinder.IntegrationTests.csproj" />
  </Folder>
  <Folder Name="/src/SystemTests/">
    <Project Path="src/SystemTests/NuGetTransitiveDependencyFinder.SystemTests/NuGetTransitiveDependencyFinder.SystemTests.csproj" />
  </Folder>
  <Folder Name="/UnitTests/">
    <Project Path="src/UnitTests/NuGetTransitiveDependencyFinder.UnitTests.ConsoleApp/NuGetTransitiveDependencyFinder.UnitTests.ConsoleApp.csproj" />
    <Project Path="src/UnitTests/NuGetTransitiveDependencyFinder.UnitTests.Utilities/NuGetTransitiveDependencyFinder.UnitTests.Utilities.csproj" />
    <Project Path="src/UnitTests/NuGetTransitiveDependencyFinder.UnitTests/NuGetTransitiveDependencyFinder.UnitTests.csproj" />
  </Folder>
</Solution>
